{
  "originHash" : "c978f51011eaffcecab590c62a5f8f3bac5c4274f2cc36523d67289cabab6991",
  "pins" : [
    {
      "identity" : "windowkit",
      "kind" : "remoteSourceControl",
      "location" : "https://github.com/divadretlaw/WindowKit",
      "state" : {
        "revision" : "2e689d5ebf019ed3e7abffa4e6ddb06287f231e9",
        "version" : "2.6.1"
      }
    },
    {
      "identity" : "windowreader",
      "kind" : "remoteSourceControl",
      "location" : "https://github.com/divadretlaw/WindowReader",
      "state" : {
        "revision" : "58ff2db81e17fd39d40c325dafd8b962c363ad5f",
        "version" : "3.1.0"
      }
    },
    {
      "identity" : "windowscenereader",
      "kind" : "remoteSourceControl",
      "location" : "https://github.com/divadretlaw/WindowSceneReader",
      "state" : {
        "revision" : "35441047ff4134838a884a30d613cfbd6291a5fa",
        "version" : "3.3.0"
      }
    }
  ],
  "version" : 3
}
